
Microsoft Visual Studio Solution File, Format Version 12.00
# Visual Studio 2012
Project("{FAE04EC0-301F-11D3-BF4B-00C04F79EFBC}") = "SignalR SQL", "SignalR SQL\SignalR SQL.csproj", "{C8C0F259-CD9A-4CE9-B2DF-F993D3C99EB5}"
EndProject
Global
	GlobalSection(SolutionConfigurationPlatforms) = preSolution
		Debug|Any CPU = Debug|Any CPU
		Release|Any CPU = Release|Any CPU
	EndGlobalSection
	GlobalSection(ProjectConfigurationPlatforms) = postSolution
		{C8C0F259-CD9A-4CE9-B2DF-F993D3C99EB5}.Debug|Any CPU.ActiveCfg = Debug|Any CPU
		{C8C0F259-CD9A-4CE9-B2DF-F993D3C99EB5}.Debug|Any CPU.Build.0 = Debug|Any CPU
		{C8C0F259-CD9A-4CE9-B2DF-F993D3C99EB5}.Release|Any CPU.ActiveCfg = Release|Any CPU
		{C8C0F259-CD9A-4CE9-B2DF-F993D3C99EB5}.Release|Any CPU.Build.0 = Release|Any CPU
	EndGlobalSection
	GlobalSection(SolutionProperties) = preSolution
		HideSolutionNode = FALSE
	EndGlobalSection
EndGlobal
